
Microsoft Visual Studio Solution File, Format Version 12.00
# Visual Studio Version 16
VisualStudioVersion = 16.0.30621.155
MinimumVisualStudioVersion = 10.0.40219.1
Project("{FAE04EC0-301F-11D3-BF4B-00C04F79EFBC}") = "xn-leisure-task", "xn-leisure-task\xn-leisure-task.csproj", "{9B5BCD79-2604-4D02-8FD7-BF7AF1BEB2FF}"
EndProject
Global
	GlobalSection(SolutionConfigurationPlatforms) = preSolution
		Debug|Any CPU = Debug|Any CPU
		Release|Any CPU = Release|Any CPU
	EndGlobalSection
	GlobalSection(ProjectConfigurationPlatforms) = postSolution
		{9B5BCD79-2604-4D02-8FD7-BF7AF1BEB2FF}.Debug|Any CPU.ActiveCfg = Debug|Any CPU
		{9B5BCD79-2604-4D02-8FD7-BF7AF1BEB2FF}.Debug|Any CPU.Build.0 = Debug|Any CPU
		{9B5BCD79-2604-4D02-8FD7-BF7AF1BEB2FF}.Release|Any CPU.ActiveCfg = Release|Any CPU
		{9B5BCD79-2604-4D02-8FD7-BF7AF1BEB2FF}.Release|Any CPU.Build.0 = Release|Any CPU
	EndGlobalSection
	GlobalSection(SolutionProperties) = preSolution
		HideSolutionNode = FALSE
	EndGlobalSection
	GlobalSection(ExtensibilityGlobals) = postSolution
		SolutionGuid = {38B3AD44-DFF3-4DC9-A053-F975DC3DB1C3}
	EndGlobalSection
EndGlobal
